# This file was autogenerated by Stack.
# You should not edit this file by hand.
# For more information, please see the documentation at:
#   https://docs.haskellstack.org/en/stable/lock_files

packages:
- completed:
    hackage: ghc-source-gen-0.4.3.0@sha256:9058ddc2e3201d7b2e5a91b79d76f952c5fb01fb34d742143e9c9b365589ad35,4392
    pantry-tree:
      sha256: 77f03e68a39c6deacd47effa4162e647ecdd83946d5a5f22172847e91e830ee7
      size: 3250
  original:
    hackage: ghc-source-gen-0.4.3.0
- completed:
    hackage: validation-selective-0.2.0.0@sha256:e1ab5482dede8bf676d729a09109c7c5f798363b9d458e4197a27afb8b48fdd3,3907
    pantry-tree:
      sha256: c5f1ddcb6a721cdb12cdec1e12af3ad7dcc936745e3fd53e5dd09b4a12b83bd5
      size: 697
  original:
    hackage: validation-selective-0.2.0.0
- completed:
    hackage: filepath-1.4.100.4@sha256:2de84756d3907308230e34fcc7c1917a73f218f6d53838618b7d5b95dd33e2c3,5536
    pantry-tree:
      sha256: 3f8869f574ea76933efe77ed3c6e4e5a646317b38e8962970c8d0d092266f230
      size: 3346
  original:
    hackage: filepath-1.4.100.4
- completed:
    hackage: semialign-1.3@sha256:7be9ef5ca1d6b052991f68c053aab68b9d1ab3b1938c9557ac84c97937815223,2888
    pantry-tree:
      sha256: e5daa7e0023dabb1b21a04bf084364b94e45e81b380e950b90f51294a1990b87
      size: 537
  original:
    hackage: semialign-1.3
- completed:
    hackage: ghc-lib-parser-ex-9.6.0.2@sha256:73fbe5a9817767f2a417c5adfc734f02d0e842ca86fe68bb75a10b5ebbce1741,3493
    pantry-tree:
      sha256: a9e63e5f1f6dde1b82731aec75672ed2f4a2006d82236a90ba35e3dbbdf2feab
      size: 1956
  original:
    hackage: ghc-lib-parser-ex-9.6.0.2
- completed:
    hackage: servant-0.20.1@sha256:ec6b11132f3448a0f7daa6b3d0daf2634062017df89855c6b9d8268944c72243,5436
    pantry-tree:
      sha256: 1d165bc7ebf50280ba39191112eba0368bb9af55b7345bc17318fdcf803efdba
      size: 2873
  original:
    hackage: servant-0.20.1
- completed:
    hackage: assoc-1.1@sha256:56d0fd1c17aaf6268e81bf19ba5afe186128d7f88126bd546d5b3151ab692652,1617
    pantry-tree:
      sha256: c6d624f9056f55b8fafdad746f489f269d4f90dc28e8e42b23064884d33c5f8d
      size: 290
  original:
    hackage: assoc-1.1
- completed:
    hackage: directory-1.3.8.1@sha256:bd3b0a0947a365d2da80b9f4a960a864d42ffa7a46577fdc7a0611703486a7f9,3071
    pantry-tree:
      sha256: f60c4c14a20e88daae7c6fba4421245ca254a1c048302ba2197e3622a808d343
      size: 3519
  original:
    hackage: directory-1.3.8.1
- completed:
    hackage: ghc-lib-parser-9.6.3.20231014@sha256:4b37fb0467e936c7dd466aa0031e51aeb2f73231958595cab575a1f0d1ca7129,15831
    pantry-tree:
      sha256: d894484b518d9e4dd307cf7b748ff5d045fdf909b7f358e628425649ff4f04b1
      size: 33893
  original:
    hackage: ghc-lib-parser-9.6.3.20231014
- completed:
    hackage: relude-1.2.1.0@sha256:2cab0cf30dd102ec7311730037aae3e588ab492bd5b9d2096a00679a41a10fb7,12280
    pantry-tree:
      sha256: 3c872c412774e175bfec98218bab962b84d69f3f2f7faddb4246891fdd64a280
      size: 4286
  original:
    hackage: relude-1.2.1.0
- completed:
    hackage: co-log-core-0.3.2.1@sha256:09140377d273593820e8f1fb69b377fa8bce917765d2df74ade21885c8bd81c0,4035
    pantry-tree:
      sha256: cb17cef978cd7176c44e4df348d7d472ee538d349282fde9aa2cf475991f9756
      size: 584
  original:
    hackage: co-log-core-0.3.2.1
- completed:
    hackage: cassava-0.5.3.0@sha256:8409eafe3615c72dbf1af4f2338b50a8b470087a1639349854bbcda9ff332c20,6142
    pantry-tree:
      sha256: 435382c44128b8e21bcad439025d739d898430b889dff53a4a5ac0dc2a4b6270
      size: 1551
  original:
    hackage: cassava-0.5.3.0
- completed:
    hackage: generically-0.1.1@sha256:378ec049bc2853b8011df116647fbd34bb9f00edce9840e4957f98abc097597c,1169
    pantry-tree:
      sha256: 9f30503d1fe709f3849c5dd8b9751697a8db4d66105d7ba9c3b98bf4e36bb232
      size: 233
  original:
    hackage: generically-0.1.1
- completed:
    hackage: tagged-0.8.8@sha256:c4fdbd3e1c423af0ccf8eb9e9962620106c34e32ed8e0cc647fb06899a703e04,2880
    pantry-tree:
      sha256: 426122f677ff812f5aaf1784cc90ff4101930138e48df832bdcbd0d294b7534f
      size: 496
  original:
    hackage: tagged-0.8.8
- completed:
    hackage: chronos-1.1.5.1@sha256:2e70ffed34f8e43951862c3151589568f90028868d1c88b0292b988ade9d318e,3833
    pantry-tree:
      sha256: 6f7b89f9540dc9106d340a0e9860e5bf66cc037da7d8251c9a59492bf9759415
      size: 581
  original:
    hackage: chronos-1.1.5.1
- completed:
    hackage: vector-0.13.1.0@sha256:4650d28eb918812a3158130f833b5ff5020259b28a8f9ee5d28701ce60cf8a16,8997
    pantry-tree:
      sha256: 95f9de9661f337919716dcc3349dc63df3d0d136756d39bc269c10aaaadd9e7d
      size: 4093
  original:
    hackage: vector-0.13.1.0
- completed:
    hackage: parsec-3.1.17.0@sha256:6cf18e59d9f1c5b40385457b82ab679dc18d3c5bd3c2c67b2f94e1e8732e6624,5119
    pantry-tree:
      sha256: cca87377fcfe25583e1f7aadc4971111a86c2e66002dffa304be92f294db32c8
      size: 2810
  original:
    hackage: parsec-3.1.17.0
- completed:
    hackage: strict-0.5@sha256:bd57d7b3655951dfaa7d1e1374d7352dfe83f82a9c98309bf3a6587ef8cbd87d,4120
    pantry-tree:
      sha256: 87b874af151a91e5d723734d6e6b98d99c0b60d4835f1ff2d39d862b3fbf04c4
      size: 654
  original:
    hackage: strict-0.5
- completed:
    hackage: resource-pool-0.2.3.2@sha256:0955486bc1db37e4eb27acb964185f9e9cb8ad5ce054c85e1e6fd7562b2d7542,1375
    pantry-tree:
      sha256: 07d0db63c72372262b29bb9c8ba63ab6dc1c1779c519c6e65e5fdc7a245ef4eb
      size: 267
  original:
    hackage: resource-pool-0.2.3.2
- completed:
    hackage: these-1.2@sha256:011e22f6891ca028f87c04ea48796696c92d593313a9c699f7ff4f9ffd7aec6e,2882
    pantry-tree:
      sha256: 37483703ce7326c07608b06f2f741fb0f708cb06bd10ec57d87108d068046b05
      size: 351
  original:
    hackage: these-1.2
- completed:
    hackage: OneTuple-0.4.1.1@sha256:632dfded172086fb9f0e26d3578bcfffa3fb6d135ea5a8de17b7a33ff6e6e682,2575
    pantry-tree:
      sha256: 7bebadb3ccdaa78924ebabab963f72427cf6bb37dc7d8268c19f5da811731ffb
      size: 506
  original:
    hackage: OneTuple-0.4.1.1
- completed:
    hackage: ansi-terminal-types-0.11.5@sha256:f78440dfd95c4509e88855ac7cc2d9566ddf956a92c1290404cac93ad1a1b00a,1482
    pantry-tree:
      sha256: 0a03e697837c4fae43543f3be0fcf9d88157ba637fbd1b656fc8bf79b1656a14
      size: 291
  original:
    hackage: ansi-terminal-types-0.11.5
- completed:
    hackage: jwt-0.9.0@sha256:82df51e48d2c7a6773bac7cd0f99f221107e7124db5d118f828dc08af025edee,4179
    pantry-tree:
      sha256: b5d2fea8ec4a71942be093a6e6fc59ac55e70afae9146ab4720ce38eb4176744
      size: 1027
  original:
    hackage: jwt-0.9.0
- completed:
    hackage: unix-2.8.3.0@sha256:6dfdbb57fcfe5b0b6ecdaf633bc1cceb98a87800a22544f42354375016c6e66c,9351
    pantry-tree:
      sha256: c41fc9e350d7438710cd0a4b4199eba06c8a40835bd2d5532bab5f2a5e988605
      size: 5821
  original:
    hackage: unix-2.8.3.0
- completed:
    hackage: exceptions-0.10.7@sha256:60ccc2277f8fa98a1a03c42afd9c589ba33ce208eaaef7d69bfbb42ce09d1816,2803
    pantry-tree:
      sha256: d120a93fe716375208630bd9a2079d325d230dfa4d4909c00ac8d110da42c05c
      size: 739
  original:
    hackage: exceptions-0.10.7
- completed:
    hackage: bytestring-0.11.5.3@sha256:3eee5d3658b657371d0f940f1f38feefc2ebdf8592a32d3d0734f28c61f80ba0,7595
    pantry-tree:
      sha256: bb97a05a67b1ea6c61af66e5abbbb0094bc397c1a930348442a41619026191ee
      size: 4019
  original:
    hackage: bytestring-0.11.5.3
- completed:
    hackage: byteslice-0.2.11.1@sha256:8331f4b18a2f05122470938e92d3ce659f16cb588dae45160d93fa0103c4a248,2627
    pantry-tree:
      sha256: a5330e1f95c21e308e1e8f3a97b72862fcb5b1b3a505f66aa73bd106b2e9f429
      size: 1841
  original:
    hackage: byteslice-0.2.11.1
- completed:
    hackage: proto-lens-protoc-0.7.0.0@sha256:04e57ec59ce21dc781b9debe063f03d85a7ec2ad1ee5c2deb1c30282119e9119,2304
    pantry-tree:
      sha256: 990ccd28c9fda706123c50032d83adbf1ba3bdc914f206d8587ddb6d49d4686e
      size: 1219
  original:
    hackage: proto-lens-protoc-0.7.0.0
- completed:
    hackage: proto-lens-0.7.1.3@sha256:2d56bf8c37e21d741385e155d0dd327468ab1bc6897d10b0462b7e241d8e61a3,2973
    pantry-tree:
      sha256: aa23b37148ad8d0b74b66bfd36dfffa8ea375a865d0f38399f898ea7c7c8cb36
      size: 1857
  original:
    hackage: proto-lens-0.7.1.3
- completed:
    hackage: Cabal-3.10.2.1@sha256:b5c520bb4f11e1f11283ddad8cfa6b65f85f5dc6cac2f4838b7760e20e8fce79,12316
    pantry-tree:
      sha256: 7255f7a95d9edab011b970d2f119e95d70fe00347787cdada63951abfe007ff6
      size: 9224
  original:
    hackage: Cabal-3.10.2.1
- completed:
    hackage: Cabal-syntax-3.10.2.0@sha256:e745710a77525a6a03d5eecbe00e894d36f05432caa6946778dae464eba1593a,7434
    pantry-tree:
      sha256: 7a88956891797712d20bac50e834c4da18fad1cbf708c2f93b8abb1baa098129
      size: 11052
  original:
    hackage: Cabal-syntax-3.10.2.0
- completed:
    hackage: text-iso8601-0.1@sha256:ac86f2500ca751db3c0de029dd7e7826bef7366d59dc0085b00fc695c43b9f76,2407
    pantry-tree:
      sha256: 2ce4c1ddd0672388ba61a8c921c05869b6bd88c4663c4d9bbf7cd9de1a607634
      size: 427
  original:
    hackage: text-iso8601-0.1
- completed:
    hackage: ansi-terminal-1.0@sha256:640ffecfd95471388d939fcacb57bdc0cef15f0457746c234a12cdd5a6c6d1e8,2706
    pantry-tree:
      sha256: d2028688664a01877fcbf4a7dc820574bec07f17393e570a98c00c49cd28d5cf
      size: 1061
  original:
    hackage: ansi-terminal-1.0
- completed:
    hackage: proto-lens-runtime-0.7.0.0@sha256:d6cfab159a63f5c42a1a507638c674a714dfa5f69a06f559e8da840eaafde3ab,3115
    pantry-tree:
      sha256: 25214e3dfa3d36b453da5be39f392699ac78ada5ded8a1384668e3e3cd9234e4
      size: 168
  original:
    hackage: proto-lens-runtime-0.7.0.0
- completed:
    hackage: hindent-6.0.0@sha256:39de37e98d7e157ded253bb4230be98eaf48142b09a19c811372339dd113f0f1,5717
    pantry-tree:
      sha256: dfe0b89c2ebc62d4761628d406a97077af70533320de8fb082df443ec25be8c5
      size: 3077
  original:
    hackage: hindent-6.0.0
- completed:
    hackage: mtl-2.3.1@sha256:5377696d7315e2ef31a8d15d67b22d733c20cac2caf8b26756ff8524c8217e6d,1868
    pantry-tree:
      sha256: ac3cf1dc9ef397512d4bf8f2c3fbe4d64fb8aabd253288b34bf86c09ae234d4f
      size: 1853
  original:
    hackage: mtl-2.3.1
- completed:
    hackage: tomland-1.3.3.2@sha256:887dc39a8c9819deb8fcb6fde72e87dad4c94108b1736a5bf7215ccf3117bd0f,9474
    pantry-tree:
      sha256: 09b5c00b3b129ff3ead6a57489d1c5af24567ab9d08399ab3bf53f43affcc60b
      size: 6430
  original:
    hackage: tomland-1.3.3.2
- completed:
    hackage: text-2.0.2@sha256:71b5fa8c64d3c1fd0a08f993463220867b08290a2256e94b0952bf0e8f5a45cc,9905
    pantry-tree:
      sha256: 25f3b6dd211e30f9e0ef5047bb9f30df7a9296cf1043873e31558196dfe78676
      size: 7514
  original:
    hackage: text-2.0.2
- completed:
    hackage: aeson-2.2.1.0@sha256:a23a61aada8233e10573e1612c0b2efe5a1aba0d59b05dbe2f63301822f136cb,6582
    pantry-tree:
      sha256: 8a50c54b9ecba80ecc3df3ea67faa4d155d6f6a6b3e342c74f3e6b0dcdc87e13
      size: 83518
  original:
    hackage: aeson-2.2.1.0
- completed:
    hackage: servant-proto-lens-0.1.0.3@sha256:9333b658957bdef1237d9dc4bf9bde0d2c8f7c47f0ed7cf00e54add0653be2eb,1759
    pantry-tree:
      sha256: 9d5f86d636dd8f02f70462bbaecab1a7e195e754198a458b404ee5d659a82b04
      size: 461
  original:
    hackage: servant-proto-lens-0.1.0.3
- completed:
    hackage: process-1.6.18.0@sha256:cd0a3e0376b5a8525983d3131a31e52f9ffefc278ce635eec45a9d3987b8be3e,3025
    pantry-tree:
      sha256: 3f9fef1f9a6ed1a6923578ada0bc8c16d016344cc67614473384524334463cc2
      size: 1675
  original:
    hackage: process-1.6.18.0
- completed:
    hackage: integer-conversion-0.1.0.1@sha256:0e57a82635323f015b5d6c242bcfbbeeaa9854fe9c8058e57052254dbb24bb14,2250
    pantry-tree:
      sha256: 5684bd08f7edbadbff77d84075b37cdf41309bd8a0dc23bcea6ffbf4497adb7f
      size: 509
  original:
    hackage: integer-conversion-0.1.0.1
- completed:
    hackage: co-log-0.6.0.2@sha256:91c14447cb1cbdd6d76317e80d2acd75efe4d964975a57f9731d8af56a4fba7a,6395
    pantry-tree:
      sha256: 2ed9bcc839c3681796dd7ef797bcd65cf73e20fc0c542c94cae0a2532db7b3ba
      size: 1198
  original:
    hackage: co-log-0.6.0.2
- completed:
    hackage: http-api-data-0.6@sha256:fb724ab5d42656b1f0f982ffb73ccb457ef73c6d6461f6a1b2b0a70d41d05d6e,3257
    pantry-tree:
      sha256: a3d2995f7279a8dbc0436aab89fefbcc6c818de83f2504e65421b1fd79a6e4bc
      size: 819
  original:
    hackage: http-api-data-0.6
- completed:
    hackage: transformers-0.6.1.1@sha256:80d128763c6965dfcddca2155b3dec3bb1970d476f0c8cceb4bb28608ab75e7c,3243
    pantry-tree:
      sha256: 15329dcbb7ca7b8e7ccd1ecc81145c8e7f3915df40c4433750c53c84dd3c21d4
      size: 2567
  original:
    hackage: transformers-0.6.1.1
- completed:
    hackage: th-abstraction-0.5.0.0@sha256:4351cadf6bf0ca80c90225bae0b12f4cfdd550f30c333b050186af5a8bc19457,2236
    pantry-tree:
      sha256: f1e547789ee75cf1d880c2dd6498254e9a37de052842b573b43c4b4a1ebcfd6d
      size: 670
  original:
    hackage: th-abstraction-0.5.0.0
- completed:
    hackage: primitive-0.8.0.0@sha256:d0ff45fa6e61f92af23611ceb8b9a6a04c236b50fb70c60e2ed3bfa532703670,3241
    pantry-tree:
      sha256: 3cd206dde51c1589698d8e4a501887e0d6954900e9082b31ac013f09a58fd84f
      size: 1721
  original:
    hackage: primitive-0.8.0.0
- completed:
    hackage: QuickCheck-2.14.3@sha256:f03d2f404d5ba465453d0fbc1944832789a759fe7c4f9bf8616bc1378a02fde4,7847
    pantry-tree:
      sha256: e920d61bcc10ef2aee0cc3e2a216d05b8491564ad27c1c5e2fbbb221b00b7f8e
      size: 2315
  original:
    hackage: QuickCheck-2.14.3
- completed:
    hackage: binary-0.8.9.1@sha256:81f468c1c75fd6535152ab69b2d32ac6cfcc03e345267b069abe4da56ec95801,6523
    pantry-tree:
      sha256: 956ecd662408f69615977b87a92e042abcdc447b7824b8aabf5788c4393c10c5
      size: 1976
  original:
    hackage: binary-0.8.9.1
- completed:
    hackage: postgresql-simple-named-0.0.4.0@sha256:3e0743681feaef0e1c393496567c81f5d4e8ae95037c33989dfd2fb6e58ee259,3534
    pantry-tree:
      sha256: ecf0eb666c36cdbffe7c747fd6f78e9b35f8515bf4b3f10fed53c391b206b1aa
      size: 433
  original:
    hackage: postgresql-simple-named-0.0.4.0
- completed:
    hackage: postgresql-simple-0.6.5.1@sha256:527939755637c1ea3fdad2819a7725e63d0a01931678e631549367c9faedc620,5280
    pantry-tree:
      sha256: b945116ff80da1f0638914d900459a8eb64b675c238d7ab87b81f16cf01d75c1
      size: 4197
  original:
    hackage: postgresql-simple-0.6.5.1
- completed:
    hackage: postgresql-libpq-0.9.5.0@sha256:6680ac3c947bf8fbe1d181d0ce1abb9bd0691316fa1e2dfd547b631b2a4be609,3056
    pantry-tree:
      sha256: 43bc3700bb0f671fbf2070cf58903fa91b41cd64871907bf5ffee907faeb52cb
      size: 1019
  original:
    hackage: postgresql-libpq-0.9.5.0
- completed:
    hackage: foldable1-classes-compat-0.1@sha256:fb4b3cedd33d5c22c573c39baa930c78eaa4feb22d43abb680c3149f8ab9fa4e,3782
    pantry-tree:
      sha256: 44114992b224a7455902ebc790c849b215081178abb4b640d085571aa1617e71
      size: 518
  original:
    hackage: foldable1-classes-compat-0.1
- completed:
    hackage: natural-arithmetic-0.1.4.0@sha256:79f34e5242dce973173838c72671267c3824ce97ac8eb63579c57404bbe57a4d,3411
    pantry-tree:
      sha256: 43acc5d65acae57f3caf679817a09722e0aa18eadffd401eeb45fe712c19a48c
      size: 716
  original:
    hackage: natural-arithmetic-0.1.4.0
- completed:
    hackage: hashable-1.4.3.0@sha256:f3bf68acfa0df7a064a378ef2cdcfeb55e6fb96100675f4c593556dcbf3d7194,4718
    pantry-tree:
      sha256: abef0611d6a717ba351317bdb603ef536659e7767a49ba81b2dbe20994065c7d
      size: 1248
  original:
    hackage: hashable-1.4.3.0
snapshots:
- completed:
    sha256: 5921ddc75f5dd3f197fbc32e1e5676895a8e7b971d4f82ef6b556657801dd18a
    size: 640054
    url: https://raw.githubusercontent.com/commercialhaskell/stackage-snapshots/master/lts/21/20.yaml
  original:
    url: https://raw.githubusercontent.com/commercialhaskell/stackage-snapshots/master/lts/21/20.yaml
